
Microsoft Visual Studio Solution File, Format Version 12.00
# Visual Studio 14
VisualStudioVersion = 14.0.23107.0
MinimumVisualStudioVersion = 10.0.40219.1
Project("{2150E333-8FDC-42A3-9474-1A3956D46DE8}") = "Libs", "Libs", "{A1744814-6615-444F-944F-2B9A27B1B711}"
EndProject
Project("{2150E333-8FDC-42A3-9474-1A3956D46DE8}") = "TestWcf", "TestWcf", "{E591CB25-9498-4B69-879D-D24075C2C21F}"
EndProject
Project("{FAE04EC0-301F-11D3-BF4B-00C04F79EFBC}") = "A.Commons", "Libs\A.Commons\A.Commons.csproj", "{5600F060-C633-4052-BAFF-CC30A82B1B6C}"
EndProject
Project("{FAE04EC0-301F-11D3-BF4B-00C04F79EFBC}") = "A.DB", "Libs\A.DB\A.DB.csproj", "{28B4FB5C-835E-4299-9461-F9D23756CCC4}"
EndProject
Project("{FAE04EC0-301F-11D3-BF4B-00C04F79EFBC}") = "A.DbExtension", "Libs\A.DbExtension\A.DbExtension.csproj", "{8A904831-79F4-4462-B899-C62E58A8085F}"
EndProject
Project("{FAE04EC0-301F-11D3-BF4B-00C04F79EFBC}") = "A.UserAccessManage", "Libs\A.UserAccessManage\A.UserAccessManage.csproj", "{0957008D-FB76-45DE-8846-0A2AB5367071}"
EndProject
Project("{FAE04EC0-301F-11D3-BF4B-00C04F79EFBC}") = "A.Validation", "Libs\A.Validation\A.Validation.csproj", "{F2DF8F7C-A90A-4ABE-9B10-2FD1FFF6F345}"
EndProject
Project("{FAE04EC0-301F-11D3-BF4B-00C04F79EFBC}") = "AOPIOC.Wcf", "Libs\A.Wcf\AOPIOC.Wcf.csproj", "{DE767FAB-EE6B-4889-8FE0-02BE3EB71A48}"
EndProject
Project("{FAE04EC0-301F-11D3-BF4B-00C04F79EFBC}") = "A.WcfCommonOperation", "Libs\A.WcfCommonOperation\A.WcfCommonOperation.csproj", "{01C1265B-56F3-4DBD-9576-6CA6A2FBC24E}"
EndProject
Project("{FAE04EC0-301F-11D3-BF4B-00C04F79EFBC}") = "TestWcfService", "WcfTest\TestWcfService\TestWcfService.csproj", "{F88C840E-A322-406B-A2F1-269A10A13C49}"
EndProject
Global
	GlobalSection(SolutionConfigurationPlatforms) = preSolution
		Debug|Any CPU = Debug|Any CPU
		Release|Any CPU = Release|Any CPU
	EndGlobalSection
	GlobalSection(ProjectConfigurationPlatforms) = postSolution
		{5600F060-C633-4052-BAFF-CC30A82B1B6C}.Debug|Any CPU.ActiveCfg = Debug|Any CPU
		{5600F060-C633-4052-BAFF-CC30A82B1B6C}.Debug|Any CPU.Build.0 = Debug|Any CPU
		{5600F060-C633-4052-BAFF-CC30A82B1B6C}.Release|Any CPU.ActiveCfg = Release|Any CPU
		{5600F060-C633-4052-BAFF-CC30A82B1B6C}.Release|Any CPU.Build.0 = Release|Any CPU
		{28B4FB5C-835E-4299-9461-F9D23756CCC4}.Debug|Any CPU.ActiveCfg = Debug|Any CPU
		{28B4FB5C-835E-4299-9461-F9D23756CCC4}.Debug|Any CPU.Build.0 = Debug|Any CPU
		{28B4FB5C-835E-4299-9461-F9D23756CCC4}.Release|Any CPU.ActiveCfg = Release|Any CPU
		{28B4FB5C-835E-4299-9461-F9D23756CCC4}.Release|Any CPU.Build.0 = Release|Any CPU
		{8A904831-79F4-4462-B899-C62E58A8085F}.Debug|Any CPU.ActiveCfg = Debug|Any CPU
		{8A904831-79F4-4462-B899-C62E58A8085F}.Debug|Any CPU.Build.0 = Debug|Any CPU
		{8A904831-79F4-4462-B899-C62E58A8085F}.Release|Any CPU.ActiveCfg = Release|Any CPU
		{8A904831-79F4-4462-B899-C62E58A8085F}.Release|Any CPU.Build.0 = Release|Any CPU
		{0957008D-FB76-45DE-8846-0A2AB5367071}.Debug|Any CPU.ActiveCfg = Debug|Any CPU
		{0957008D-FB76-45DE-8846-0A2AB5367071}.Debug|Any CPU.Build.0 = Debug|Any CPU
		{0957008D-FB76-45DE-8846-0A2AB5367071}.Release|Any CPU.ActiveCfg = Release|Any CPU
		{0957008D-FB76-45DE-8846-0A2AB5367071}.Release|Any CPU.Build.0 = Release|Any CPU
		{F2DF8F7C-A90A-4ABE-9B10-2FD1FFF6F345}.Debug|Any CPU.ActiveCfg = Debug|Any CPU
		{F2DF8F7C-A90A-4ABE-9B10-2FD1FFF6F345}.Debug|Any CPU.Build.0 = Debug|Any CPU
		{F2DF8F7C-A90A-4ABE-9B10-2FD1FFF6F345}.Release|Any CPU.ActiveCfg = Release|Any CPU
		{F2DF8F7C-A90A-4ABE-9B10-2FD1FFF6F345}.Release|Any CPU.Build.0 = Release|Any CPU
		{DE767FAB-EE6B-4889-8FE0-02BE3EB71A48}.Debug|Any CPU.ActiveCfg = Debug|Any CPU
		{DE767FAB-EE6B-4889-8FE0-02BE3EB71A48}.Debug|Any CPU.Build.0 = Debug|Any CPU
		{DE767FAB-EE6B-4889-8FE0-02BE3EB71A48}.Release|Any CPU.ActiveCfg = Release|Any CPU
		{DE767FAB-EE6B-4889-8FE0-02BE3EB71A48}.Release|Any CPU.Build.0 = Release|Any CPU
		{01C1265B-56F3-4DBD-9576-6CA6A2FBC24E}.Debug|Any CPU.ActiveCfg = Debug|Any CPU
		{01C1265B-56F3-4DBD-9576-6CA6A2FBC24E}.Debug|Any CPU.Build.0 = Debug|Any CPU
		{01C1265B-56F3-4DBD-9576-6CA6A2FBC24E}.Release|Any CPU.ActiveCfg = Release|Any CPU
		{01C1265B-56F3-4DBD-9576-6CA6A2FBC24E}.Release|Any CPU.Build.0 = Release|Any CPU
		{F88C840E-A322-406B-A2F1-269A10A13C49}.Debug|Any CPU.ActiveCfg = Debug|Any CPU
		{F88C840E-A322-406B-A2F1-269A10A13C49}.Debug|Any CPU.Build.0 = Debug|Any CPU
		{F88C840E-A322-406B-A2F1-269A10A13C49}.Release|Any CPU.ActiveCfg = Release|Any CPU
		{F88C840E-A322-406B-A2F1-269A10A13C49}.Release|Any CPU.Build.0 = Release|Any CPU
	EndGlobalSection
	GlobalSection(SolutionProperties) = preSolution
		HideSolutionNode = FALSE
	EndGlobalSection
	GlobalSection(NestedProjects) = preSolution
		{5600F060-C633-4052-BAFF-CC30A82B1B6C} = {A1744814-6615-444F-944F-2B9A27B1B711}
		{28B4FB5C-835E-4299-9461-F9D23756CCC4} = {A1744814-6615-444F-944F-2B9A27B1B711}
		{8A904831-79F4-4462-B899-C62E58A8085F} = {A1744814-6615-444F-944F-2B9A27B1B711}
		{0957008D-FB76-45DE-8846-0A2AB5367071} = {A1744814-6615-444F-944F-2B9A27B1B711}
		{F2DF8F7C-A90A-4ABE-9B10-2FD1FFF6F345} = {A1744814-6615-444F-944F-2B9A27B1B711}
		{DE767FAB-EE6B-4889-8FE0-02BE3EB71A48} = {A1744814-6615-444F-944F-2B9A27B1B711}
		{01C1265B-56F3-4DBD-9576-6CA6A2FBC24E} = {A1744814-6615-444F-944F-2B9A27B1B711}
		{F88C840E-A322-406B-A2F1-269A10A13C49} = {E591CB25-9498-4B69-879D-D24075C2C21F}
	EndGlobalSection
EndGlobal
